
Microsoft Visual Studio Solution File, Format Version 12.00
# Visual Studio 15
VisualStudioVersion = 15.0.28010.2026
MinimumVisualStudioVersion = 10.0.40219.1
Project("{9A19103F-16F7-4668-BE54-9A1E7A4F7556}") = "Blog", "Blog\Blog.csproj", "{5FDBA979-7E4E-4B1A-AFEB-6CEACDA2083B}"
EndProject
Project("{9A19103F-16F7-4668-BE54-9A1E7A4F7556}") = "Blog.Bll", "Blog.Bll\Blog.Bll.csproj", "{9DEC1755-44C9-4492-907B-8A8ED02DE761}"
EndProject
Project("{9A19103F-16F7-4668-BE54-9A1E7A4F7556}") = "Blog.Dal", "Blog.Dal\Blog.Dal.csproj", "{D1C223B9-5CFB-4560-B2D9-21BB0CF49CA7}"
EndProject
Project("{9A19103F-16F7-4668-BE54-9A1E7A4F7556}") = "Blog.Model", "Blog.Model\Blog.Model.csproj", "{18D04925-D36B-42DD-BAD5-16E50C0FFC84}"
EndProject
Global
	GlobalSection(SolutionConfigurationPlatforms) = preSolution
		Debug|Any CPU = Debug|Any CPU
		Release|Any CPU = Release|Any CPU
	EndGlobalSection
	GlobalSection(ProjectConfigurationPlatforms) = postSolution
		{5FDBA979-7E4E-4B1A-AFEB-6CEACDA2083B}.Debug|Any CPU.ActiveCfg = Debug|Any CPU
		{5FDBA979-7E4E-4B1A-AFEB-6CEACDA2083B}.Debug|Any CPU.Build.0 = Debug|Any CPU
		{5FDBA979-7E4E-4B1A-AFEB-6CEACDA2083B}.Release|Any CPU.ActiveCfg = Release|Any CPU
		{5FDBA979-7E4E-4B1A-AFEB-6CEACDA2083B}.Release|Any CPU.Build.0 = Release|Any CPU
		{9DEC1755-44C9-4492-907B-8A8ED02DE761}.Debug|Any CPU.ActiveCfg = Debug|Any CPU
		{9DEC1755-44C9-4492-907B-8A8ED02DE761}.Debug|Any CPU.Build.0 = Debug|Any CPU
		{9DEC1755-44C9-4492-907B-8A8ED02DE761}.Release|Any CPU.ActiveCfg = Release|Any CPU
		{9DEC1755-44C9-4492-907B-8A8ED02DE761}.Release|Any CPU.Build.0 = Release|Any CPU
		{D1C223B9-5CFB-4560-B2D9-21BB0CF49CA7}.Debug|Any CPU.ActiveCfg = Debug|Any CPU
		{D1C223B9-5CFB-4560-B2D9-21BB0CF49CA7}.Debug|Any CPU.Build.0 = Debug|Any CPU
		{D1C223B9-5CFB-4560-B2D9-21BB0CF49CA7}.Release|Any CPU.ActiveCfg = Release|Any CPU
		{D1C223B9-5CFB-4560-B2D9-21BB0CF49CA7}.Release|Any CPU.Build.0 = Release|Any CPU
		{18D04925-D36B-42DD-BAD5-16E50C0FFC84}.Debug|Any CPU.ActiveCfg = Debug|Any CPU
		{18D04925-D36B-42DD-BAD5-16E50C0FFC84}.Debug|Any CPU.Build.0 = Debug|Any CPU
		{18D04925-D36B-42DD-BAD5-16E50C0FFC84}.Release|Any CPU.ActiveCfg = Release|Any CPU
		{18D04925-D36B-42DD-BAD5-16E50C0FFC84}.Release|Any CPU.Build.0 = Release|Any CPU
	EndGlobalSection
	GlobalSection(SolutionProperties) = preSolution
		HideSolutionNode = FALSE
	EndGlobalSection
	GlobalSection(ExtensibilityGlobals) = postSolution
		SolutionGuid = {085A86C8-D325-43C2-B1A6-78F25577ED96}
	EndGlobalSection
EndGlobal
